
Microsoft Visual Studio Solution File, Format Version 12.00
# Visual Studio Version 17
VisualStudioVersion = 17.14.37710.0 d17.14
MinimumVisualStudioVersion = 10.0.40219.1
Project("{2150E333-8FDC-42A3-9474-1A3956D46DE8}") = "Task0", "Task0", "{02EA681E-C7D8-13C7-8484-4AC65E1B71E8}"
EndProject
Project("{FAE04EC0-301F-11D3-BF4B-00C04F79EFBC}") = "Tyuiu.SobjaninMI.Sprint1.Task0.V15", "Tyuiu.SobjaninMI.Sprint1.Task0.V15\Tyuiu.SobjaninMI.Sprint1.Task0.V15.csproj", "{5AD93570-36D9-4371-BA5E-6FED485DFB08}"
EndProject
Project("{FAE04EC0-301F-11D3-BF4B-00C04F79EFBC}") = "Tyuiu.SobjaninMI.Sprint1.Task0.V15.Lib", "Tyuiu.SobjaninMI.Sprint1.Task0.V15.Lib\Tyuiu.SobjaninMI.Sprint1.Task0.V15.Lib.csproj", "{DD1600FA-7EE8-4DBC-B7F3-C4FDD7095998}"
EndProject
Project("{FAE04EC0-301F-11D3-BF4B-00C04F79EFBC}") = "Tyuiu.SobjaninMI.Sprint1.Task0.V15.Test", "Tyuiu.SobjaninMI.Sprint1.Task0.V15.Test\Tyuiu.SobjaninMI.Sprint1.Task0.V15.Test.csproj", "{AD0B96B0-FC08-4B01-AFC5-CB2412688D52}"
EndProject
Project("{2150E333-8FDC-42A3-9474-1A3956D46DE8}") = "Task1", "Task1", "{75BD4425-DFA5-4D42-BF4C-68B85F2761A2}"
EndProject
Project("{FAE04EC0-301F-11D3-BF4B-00C04F79EFBC}") = "Tyuiu.SobjaninMI.Sprint1.Task1.V24", "Tyuiu.SobjaninMI.Sprint1.Task1.V24\Tyuiu.SobjaninMI.Sprint1.Task1.V24.csproj", "{4ADD959A-8241-4712-9BB0-C017CE7F8DE4}"
EndProject
Project("{FAE04EC0-301F-11D3-BF4B-00C04F79EFBC}") = "Tyuiu.SobjaninMI.Sprint1.Task1.V24.Lib", "Tyuiu.SobjaninMI.Sprint1.Task1.V24.Lib\Tyuiu.SobjaninMI.Sprint1.Task1.V24.Lib.csproj", "{4C7997E6-991C-4074-94D2-7FAFA5B4FFE3}"
EndProject
Project("{FAE04EC0-301F-11D3-BF4B-00C04F79EFBC}") = "Tyuiu.SobjaninMI.Sprint1.Task1.V24.Test", "Tyuiu.SobjaninMI.Sprint1.Task1.V24.Test\Tyuiu.SobjaninMI.Sprint1.Task1.V24.Test.csproj", "{AAA2E7DC-873A-4432-A7DA-566932C0BA6D}"
EndProject
Project("{2150E333-8FDC-42A3-9474-1A3956D46DE8}") = "Task2", "Task2", "{9DB36A48-EA42-4089-9CE9-ADD43A57A63C}"
EndProject
Project("{FAE04EC0-301F-11D3-BF4B-00C04F79EFBC}") = "Tyuiu.SobjaninMI.Sprint1.Task2.V28", "Tyuiu.SobjaninMI.Sprint1.Task2.V28\Tyuiu.SobjaninMI.Sprint1.Task2.V28.csproj", "{171FA3CC-61BA-49DD-B24F-E8D411C5BFB2}"
EndProject
Project("{FAE04EC0-301F-11D3-BF4B-00C04F79EFBC}") = "Tyuiu.SobjaninMI.Sprint1.Task2.V28.Lib", "Tyuiu.SobjaninMI.Sprint1.Task2.V28.Lib\Tyuiu.SobjaninMI.Sprint1.Task2.V28.Lib.csproj", "{81CD13DF-7493-4435-8386-AA6CDAFDFEEB}"
EndProject
Project("{FAE04EC0-301F-11D3-BF4B-00C04F79EFBC}") = "Tyuiu.SobjaninMI.Sprint1.Task2.V28.Test", "Tyuiu.SobjaninMI.Sprint1.Task2.V28.Test\Tyuiu.SobjaninMI.Sprint1.Task2.V28.Test.csproj", "{5037A423-5921-4548-A2B7-8EC107FABB43}"
EndProject
Project("{2150E333-8FDC-42A3-9474-1A3956D46DE8}") = "Task3", "Task3", "{CFF8E4E8-8F99-4D3C-AE38-DD86BE5604D3}"
EndProject
Project("{FAE04EC0-301F-11D3-BF4B-00C04F79EFBC}") = "Tyuiu.SobjaninMI.Sprint1.Task3.V7", "Tyuiu.SobjaninMI.Sprint1.Task3.V7\Tyuiu.SobjaninMI.Sprint1.Task3.V7.csproj", "{FA370480-7F03-4AA8-A2C0-0D5890E34558}"
EndProject
Project("{FAE04EC0-301F-11D3-BF4B-00C04F79EFBC}") = "Tyuiu.SobjaninMI.Sprint1.Task3.V7.Lib", "Tyuiu.SobjaninMI.Sprint1.Task3.V7.Lib\Tyuiu.SobjaninMI.Sprint1.Task3.V7.Lib.csproj", "{E08EBDC2-E474-44A0-A3DF-2DCF5A15CE44}"
EndProject
Project("{FAE04EC0-301F-11D3-BF4B-00C04F79EFBC}") = "Tyuiu.SobjaninMI.Sprint1.Task3.V7.Test", "Tyuiu.SobjaninMI.Sprint1.Task3.V7.Test\Tyuiu.SobjaninMI.Sprint1.Task3.V7.Test.csproj", "{4EB31EF5-0072-423C-A4BB-DDD662C1BE76}"
EndProject
Project("{2150E333-8FDC-42A3-9474-1A3956D46DE8}") = "Task4", "Task4", "{7CC78D39-C6D6-4F85-8442-FDCA63F85557}"
EndProject
Project("{FAE04EC0-301F-11D3-BF4B-00C04F79EFBC}") = "Tyuiu.SobjaninMI.Sprint1.Task4.V2", "Tyuiu.SobjaninMI.Sprint1.Task4.V2\Tyuiu.SobjaninMI.Sprint1.Task4.V2.csproj", "{2A7A80C3-6008-4D3F-A735-61A007F9FE50}"
EndProject
Project("{FAE04EC0-301F-11D3-BF4B-00C04F79EFBC}") = "Tyuiu.SobjaninMI.Sprint1.Task4.V2.Lib", "Tyuiu.SobjaninMI.Sprint1.Task4.V2.Lib\Tyuiu.SobjaninMI.Sprint1.Task4.V2.Lib.csproj", "{1B9CE535-8D07-425E-9B7F-45B962CA9C17}"
EndProject
Project("{FAE04EC0-301F-11D3-BF4B-00C04F79EFBC}") = "Tyuiu.SobjaninMI.Sprint1.Task4.V2.Test", "Tyuiu.SobjaninMI.Sprint1.Task4.V2.Test\Tyuiu.SobjaninMI.Sprint1.Task4.V2.Test.csproj", "{5CDE0BC2-385F-4BDC-94DC-09CC9955CDDF}"
EndProject
Project("{2150E333-8FDC-42A3-9474-1A3956D46DE8}") = "Task5", "Task5", "{93D52CF1-FFFB-4D2A-BC6A-F74BCC7CF6E7}"
EndProject
Project("{FAE04EC0-301F-11D3-BF4B-00C04F79EFBC}") = "Tyuiu.SobjaninMI.Sprint1.Task5.V4", "Tyuiu.SobjaninMI.Sprint1.Task5.V4\Tyuiu.SobjaninMI.Sprint1.Task5.V4.csproj", "{53E06132-8C2E-434C-8D3E-A8644BA47760}"
EndProject
Project("{FAE04EC0-301F-11D3-BF4B-00C04F79EFBC}") = "Tyuiu.SobjaninMI.Sprint1.Task5.V4.Lib", "Tyuiu.SobjaninMI.Sprint1.Task5.V4.Lib\Tyuiu.SobjaninMI.Sprint1.Task5.V4.Lib.csproj", "{A8DF7469-755F-4BDC-9C13-55975620D9BD}"
EndProject
Project("{FAE04EC0-301F-11D3-BF4B-00C04F79EFBC}") = "Tyuiu.SobjaninMI.Sprint1.Task5.V4.Test", "Tyuiu.SobjaninMI.Sprint1.Task5.V4.Test\Tyuiu.SobjaninMI.Sprint1.Task5.V4.Test.csproj", "{AABCF893-E54D-437B-989A-B7F4FC56A20C}"
EndProject
Project("{2150E333-8FDC-42A3-9474-1A3956D46DE8}") = "Task6", "Task6", "{184D1C55-53E5-469D-8580-43B53E72D283}"
EndProject
Project("{FAE04EC0-301F-11D3-BF4B-00C04F79EFBC}") = "Tyuiu.SobjaninMI.Sprint1.Task6.V17", "Tyuiu.SobjaninMI.Sprint1.Task6.V17\Tyuiu.SobjaninMI.Sprint1.Task6.V17.csproj", "{82DF7CF6-AF0B-4FB2-9046-A4BC40A77046}"
EndProject
Project("{FAE04EC0-301F-11D3-BF4B-00C04F79EFBC}") = "Tyuiu.SobjaninMI.Sprint1.Task6.V17.Lib", "Tyuiu.SobjaninMI.Sprint1.Task6.V17.Lib\Tyuiu.SobjaninMI.Sprint1.Task6.V17.Lib.csproj", "{AB05EC7F-F412-4F78-9A7E-ED7A1D847A57}"
EndProject
Project("{FAE04EC0-301F-11D3-BF4B-00C04F79EFBC}") = "Tyuiu.SobjaninMI.Sprint1.Task6.V17.Test", "Tyuiu.SobjaninMI.Sprint1.Task6.V17.Test\Tyuiu.SobjaninMI.Sprint1.Task6.V17.Test.csproj", "{2FE1018A-32B1-4437-83A5-F5101BF159D6}"
EndProject
Project("{2150E333-8FDC-42A3-9474-1A3956D46DE8}") = "Task7", "Task7", "{DDCD1086-A8F9-4119-A6AF-6D821C37F3D4}"
EndProject
Project("{FAE04EC0-301F-11D3-BF4B-00C04F79EFBC}") = "Tyuiu.SobjaninMI.Sprint1.Task7.V8", "Tyuiu.SobjaninMI.Sprint1.Task7.V8\Tyuiu.SobjaninMI.Sprint1.Task7.V8.csproj", "{9BA26A89-0AD8-485A-8DD1-79AC81816E12}"
EndProject
Project("{FAE04EC0-301F-11D3-BF4B-00C04F79EFBC}") = "Tyuiu.SobjaninMI.Sprint1.Task7.V8.Lib", "Tyuiu.SobjaninMI.Sprint1.Task7.V8.Lib\Tyuiu.SobjaninMI.Sprint1.Task7.V8.Lib.csproj", "{FF1A4C69-467D-4C94-BBD6-6B58362058F6}"
EndProject
Project("{FAE04EC0-301F-11D3-BF4B-00C04F79EFBC}") = "Tyuiu.SobjaninMI.Sprint1.Task7.V8.Test", "Tyuiu.SobjaninMI.Sprint1.Task7.V8.Test\Tyuiu.SobjaninMI.Sprint1.Task7.V8.Test.csproj", "{186C9801-4378-4C5E-B9CA-B761F173200A}"
EndProject
Global
	GlobalSection(SolutionConfigurationPlatforms) = preSolution
		Debug|Any CPU = Debug|Any CPU
		Release|Any CPU = Release|Any CPU
	EndGlobalSection
	GlobalSection(ProjectConfigurationPlatforms) = postSolution
		{5AD93570-36D9-4371-BA5E-6FED485DFB08}.Debug|Any CPU.ActiveCfg = Debug|Any CPU
		{5AD93570-36D9-4371-BA5E-6FED485DFB08}.Debug|Any CPU.Build.0 = Debug|Any CPU
		{5AD93570-36D9-4371-BA5E-6FED485DFB08}.Release|Any CPU.ActiveCfg = Release|Any CPU
		{5AD93570-36D9-4371-BA5E-6FED485DFB08}.Release|Any CPU.Build.0 = Release|Any CPU
		{DD1600FA-7EE8-4DBC-B7F3-C4FDD7095998}.Debug|Any CPU.ActiveCfg = Debug|Any CPU
		{DD1600FA-7EE8-4DBC-B7F3-C4FDD7095998}.Debug|Any CPU.Build.0 = Debug|Any CPU
		{DD1600FA-7EE8-4DBC-B7F3-C4FDD7095998}.Release|Any CPU.ActiveCfg = Release|Any CPU
		{DD1600FA-7EE8-4DBC-B7F3-C4FDD7095998}.Release|Any CPU.Build.0 = Release|Any CPU
		{AD0B96B0-FC08-4B01-AFC5-CB2412688D52}.Debug|Any CPU.ActiveCfg = Debug|Any CPU
		{AD0B96B0-FC08-4B01-AFC5-CB2412688D52}.Debug|Any CPU.Build.0 = Debug|Any CPU
		{AD0B96B0-FC08-4B01-AFC5-CB2412688D52}.Release|Any CPU.ActiveCfg = Release|Any CPU
		{AD0B96B0-FC08-4B01-AFC5-CB2412688D52}.Release|Any CPU.Build.0 = Release|Any CPU
		{4ADD959A-8241-4712-9BB0-C017CE7F8DE4}.Debug|Any CPU.ActiveCfg = Debug|Any CPU
		{4ADD959A-8241-4712-9BB0-C017CE7F8DE4}.Debug|Any CPU.Build.0 = Debug|Any CPU
		{4ADD959A-8241-4712-9BB0-C017CE7F8DE4}.Release|Any CPU.ActiveCfg = Release|Any CPU
		{4ADD959A-8241-4712-9BB0-C017CE7F8DE4}.Release|Any CPU.Build.0 = Release|Any CPU
		{4C7997E6-991C-4074-94D2-7FAFA5B4FFE3}.Debug|Any CPU.ActiveCfg = Debug|Any CPU
		{4C7997E6-991C-4074-94D2-7FAFA5B4FFE3}.Debug|Any CPU.Build.0 = Debug|Any CPU
		{4C7997E6-991C-4074-94D2-7FAFA5B4FFE3}.Release|Any CPU.ActiveCfg = Release|Any CPU
		{4C7997E6-991C-4074-94D2-7FAFA5B4FFE3}.Release|Any CPU.Build.0 = Release|Any CPU
		{AAA2E7DC-873A-4432-A7DA-566932C0BA6D}.Debug|Any CPU.ActiveCfg = Debug|Any CPU
		{AAA2E7DC-873A-4432-A7DA-566932C0BA6D}.Debug|Any CPU.Build.0 = Debug|Any CPU
		{AAA2E7DC-873A-4432-A7DA-566932C0BA6D}.Release|Any CPU.ActiveCfg = Release|Any CPU
		{AAA2E7DC-873A-4432-A7DA-566932C0BA6D}.Release|Any CPU.Build.0 = Release|Any CPU
		{171FA3CC-61BA-49DD-B24F-E8D411C5BFB2}.Debug|Any CPU.ActiveCfg = Debug|Any CPU
		{171FA3CC-61BA-49DD-B24F-E8D411C5BFB2}.Debug|Any CPU.Build.0 = Debug|Any CPU
		{171FA3CC-61BA-49DD-B24F-E8D411C5BFB2}.Release|Any CPU.ActiveCfg = Release|Any CPU
		{171FA3CC-61BA-49DD-B24F-E8D411C5BFB2}.Release|Any CPU.Build.0 = Release|Any CPU
		{81CD13DF-7493-4435-8386-AA6CDAFDFEEB}.Debug|Any CPU.ActiveCfg = Debug|Any CPU
		{81CD13DF-7493-4435-8386-AA6CDAFDFEEB}.Debug|Any CPU.Build.0 = Debug|Any CPU
		{81CD13DF-7493-4435-8386-AA6CDAFDFEEB}.Release|Any CPU.ActiveCfg = Release|Any CPU
		{81CD13DF-7493-4435-8386-AA6CDAFDFEEB}.Release|Any CPU.Build.0 = Release|Any CPU
		{5037A423-5921-4548-A2B7-8EC107FABB43}.Debug|Any CPU.ActiveCfg = Debug|Any CPU
		{5037A423-5921-4548-A2B7-8EC107FABB43}.Debug|Any CPU.Build.0 = Debug|Any CPU
		{5037A423-5921-4548-A2B7-8EC107FABB43}.Release|Any CPU.ActiveCfg = Release|Any CPU
		{5037A423-5921-4548-A2B7-8EC107FABB43}.Release|Any CPU.Build.0 = Release|Any CPU
		{FA370480-7F03-4AA8-A2C0-0D5890E34558}.Debug|Any CPU.ActiveCfg = Debug|Any CPU
		{FA370480-7F03-4AA8-A2C0-0D5890E34558}.Debug|Any CPU.Build.0 = Debug|Any CPU
		{FA370480-7F03-4AA8-A2C0-0D5890E34558}.Release|Any CPU.ActiveCfg = Release|Any CPU
		{FA370480-7F03-4AA8-A2C0-0D5890E34558}.Release|Any CPU.Build.0 = Release|Any CPU
		{E08EBDC2-E474-44A0-A3DF-2DCF5A15CE44}.Debug|Any CPU.ActiveCfg = Debug|Any CPU
		{E08EBDC2-E474-44A0-A3DF-2DCF5A15CE44}.Debug|Any CPU.Build.0 = Debug|Any CPU
		{E08EBDC2-E474-44A0-A3DF-2DCF5A15CE44}.Release|Any CPU.ActiveCfg = Release|Any CPU
		{E08EBDC2-E474-44A0-A3DF-2DCF5A15CE44}.Release|Any CPU.Build.0 = Release|Any CPU
		{4EB31EF5-0072-423C-A4BB-DDD662C1BE76}.Debug|Any CPU.ActiveCfg = Debug|Any CPU
		{4EB31EF5-0072-423C-A4BB-DDD662C1BE76}.Debug|Any CPU.Build.0 = Debug|Any CPU
		{4EB31EF5-0072-423C-A4BB-DDD662C1BE76}.Release|Any CPU.ActiveCfg = Release|Any CPU
		{4EB31EF5-0072-423C-A4BB-DDD662C1BE76}.Release|Any CPU.Build.0 = Release|Any CPU
		{2A7A80C3-6008-4D3F-A735-61A007F9FE50}.Debug|Any CPU.ActiveCfg = Debug|Any CPU
		{2A7A80C3-6008-4D3F-A735-61A007F9FE50}.Debug|Any CPU.Build.0 = Debug|Any CPU
		{2A7A80C3-6008-4D3F-A735-61A007F9FE50}.Release|Any CPU.ActiveCfg = Release|Any CPU
		{2A7A80C3-6008-4D3F-A735-61A007F9FE50}.Release|Any CPU.Build.0 = Release|Any CPU
		{1B9CE535-8D07-425E-9B7F-45B962CA9C17}.Debug|Any CPU.ActiveCfg = Debug|Any CPU
		{1B9CE535-8D07-425E-9B7F-45B962CA9C17}.Debug|Any CPU.Build.0 = Debug|Any CPU
		{1B9CE535-8D07-425E-9B7F-45B962CA9C17}.Release|Any CPU.ActiveCfg = Release|Any CPU
		{1B9CE535-8D07-425E-9B7F-45B962CA9C17}.Release|Any CPU.Build.0 = Release|Any CPU
		{5CDE0BC2-385F-4BDC-94DC-09CC9955CDDF}.Debug|Any CPU.ActiveCfg = Debug|Any CPU
		{5CDE0BC2-385F-4BDC-94DC-09CC9955CDDF}.Debug|Any CPU.Build.0 = Debug|Any CPU
		{5CDE0BC2-385F-4BDC-94DC-09CC9955CDDF}.Release|Any CPU.ActiveCfg = Release|Any CPU
		{5CDE0BC2-385F-4BDC-94DC-09CC9955CDDF}.Release|Any CPU.Build.0 = Release|Any CPU
		{53E06132-8C2E-434C-8D3E-A8644BA47760}.Debug|Any CPU.ActiveCfg = Debug|Any CPU
		{53E06132-8C2E-434C-8D3E-A8644BA47760}.Debug|Any CPU.Build.0 = Debug|Any CPU
		{53E06132-8C2E-434C-8D3E-A8644BA47760}.Release|Any CPU.ActiveCfg = Release|Any CPU
		{53E06132-8C2E-434C-8D3E-A8644BA47760}.Release|Any CPU.Build.0 = Release|Any CPU
		{A8DF7469-755F-4BDC-9C13-55975620D9BD}.Debug|Any CPU.ActiveCfg = Debug|Any CPU
		{A8DF7469-755F-4BDC-9C13-55975620D9BD}.Debug|Any CPU.Build.0 = Debug|Any CPU
		{A8DF7469-755F-4BDC-9C13-55975620D9BD}.Release|Any CPU.ActiveCfg = Release|Any CPU
		{A8DF7469-755F-4BDC-9C13-55975620D9BD}.Release|Any CPU.Build.0 = Release|Any CPU
		{AABCF893-E54D-437B-989A-B7F4FC56A20C}.Debug|Any CPU.ActiveCfg = Debug|Any CPU
		{AABCF893-E54D-437B-989A-B7F4FC56A20C}.Debug|Any CPU.Build.0 = Debug|Any CPU
		{AABCF893-E54D-437B-989A-B7F4FC56A20C}.Release|Any CPU.ActiveCfg = Release|Any CPU
		{AABCF893-E54D-437B-989A-B7F4FC56A20C}.Release|Any CPU.Build.0 = Release|Any CPU
		{82DF7CF6-AF0B-4FB2-9046-A4BC40A77046}.Debug|Any CPU.ActiveCfg = Debug|Any CPU
		{82DF7CF6-AF0B-4FB2-9046-A4BC40A77046}.Debug|Any CPU.Build.0 = Debug|Any CPU
		{82DF7CF6-AF0B-4FB2-9046-A4BC40A77046}.Release|Any CPU.ActiveCfg = Release|Any CPU
		{82DF7CF6-AF0B-4FB2-9046-A4BC40A77046}.Release|Any CPU.Build.0 = Release|Any CPU
		{AB05EC7F-F412-4F78-9A7E-ED7A1D847A57}.Debug|Any CPU.ActiveCfg = Debug|Any CPU
		{AB05EC7F-F412-4F78-9A7E-ED7A1D847A57}.Debug|Any CPU.Build.0 = Debug|Any CPU
		{AB05EC7F-F412-4F78-9A7E-ED7A1D847A57}.Release|Any CPU.ActiveCfg = Release|Any CPU
		{AB05EC7F-F412-4F78-9A7E-ED7A1D847A57}.Release|Any CPU.Build.0 = Release|Any CPU
		{2FE1018A-32B1-4437-83A5-F5101BF159D6}.Debug|Any CPU.ActiveCfg = Debug|Any CPU
		{2FE1018A-32B1-4437-83A5-F5101BF159D6}.Debug|Any CPU.Build.0 = Debug|Any CPU
		{2FE1018A-32B1-4437-83A5-F5101BF159D6}.Release|Any CPU.ActiveCfg = Release|Any CPU
		{2FE1018A-32B1-4437-83A5-F5101BF159D6}.Release|Any CPU.Build.0 = Release|Any CPU
		{9BA26A89-0AD8-485A-8DD1-79AC81816E12}.Debug|Any CPU.ActiveCfg = Debug|Any CPU
		{9BA26A89-0AD8-485A-8DD1-79AC81816E12}.Debug|Any CPU.Build.0 = Debug|Any CPU
		{9BA26A89-0AD8-485A-8DD1-79AC81816E12}.Release|Any CPU.ActiveCfg = Release|Any CPU
		{9BA26A89-0AD8-485A-8DD1-79AC81816E12}.Release|Any CPU.Build.0 = Release|Any CPU
		{FF1A4C69-467D-4C94-BBD6-6B58362058F6}.Debug|Any CPU.ActiveCfg = Debug|Any CPU
		{FF1A4C69-467D-4C94-BBD6-6B58362058F6}.Debug|Any CPU.Build.0 = Debug|Any CPU
		{FF1A4C69-467D-4C94-BBD6-6B58362058F6}.Release|Any CPU.ActiveCfg = Release|Any CPU
		{FF1A4C69-467D-4C94-BBD6-6B58362058F6}.Release|Any CPU.Build.0 = Release|Any CPU
		{186C9801-4378-4C5E-B9CA-B761F173200A}.Debug|Any CPU.ActiveCfg = Debug|Any CPU
		{186C9801-4378-4C5E-B9CA-B761F173200A}.Debug|Any CPU.Build.0 = Debug|Any CPU
		{186C9801-4378-4C5E-B9CA-B761F173200A}.Release|Any CPU.ActiveCfg = Release|Any CPU
		{186C9801-4378-4C5E-B9CA-B761F173200A}.Release|Any CPU.Build.0 = Release|Any CPU
	EndGlobalSection
	GlobalSection(SolutionProperties) = preSolution
		HideSolutionNode = FALSE
	EndGlobalSection
	GlobalSection(NestedProjects) = preSolution
		{5AD93570-36D9-4371-BA5E-6FED485DFB08} = {02EA681E-C7D8-13C7-8484-4AC65E1B71E8}
		{DD1600FA-7EE8-4DBC-B7F3-C4FDD7095998} = {02EA681E-C7D8-13C7-8484-4AC65E1B71E8}
		{AD0B96B0-FC08-4B01-AFC5-CB2412688D52} = {02EA681E-C7D8-13C7-8484-4AC65E1B71E8}
		{4ADD959A-8241-4712-9BB0-C017CE7F8DE4} = {75BD4425-DFA5-4D42-BF4C-68B85F2761A2}
		{4C7997E6-991C-4074-94D2-7FAFA5B4FFE3} = {75BD4425-DFA5-4D42-BF4C-68B85F2761A2}
		{AAA2E7DC-873A-4432-A7DA-566932C0BA6D} = {75BD4425-DFA5-4D42-BF4C-68B85F2761A2}
		{171FA3CC-61BA-49DD-B24F-E8D411C5BFB2} = {9DB36A48-EA42-4089-9CE9-ADD43A57A63C}
		{81CD13DF-7493-4435-8386-AA6CDAFDFEEB} = {9DB36A48-EA42-4089-9CE9-ADD43A57A63C}
		{5037A423-5921-4548-A2B7-8EC107FABB43} = {9DB36A48-EA42-4089-9CE9-ADD43A57A63C}
		{FA370480-7F03-4AA8-A2C0-0D5890E34558} = {CFF8E4E8-8F99-4D3C-AE38-DD86BE5604D3}
		{E08EBDC2-E474-44A0-A3DF-2DCF5A15CE44} = {CFF8E4E8-8F99-4D3C-AE38-DD86BE5604D3}
		{4EB31EF5-0072-423C-A4BB-DDD662C1BE76} = {CFF8E4E8-8F99-4D3C-AE38-DD86BE5604D3}
		{2A7A80C3-6008-4D3F-A735-61A007F9FE50} = {7CC78D39-C6D6-4F85-8442-FDCA63F85557}
		{1B9CE535-8D07-425E-9B7F-45B962CA9C17} = {7CC78D39-C6D6-4F85-8442-FDCA63F85557}
		{5CDE0BC2-385F-4BDC-94DC-09CC9955CDDF} = {7CC78D39-C6D6-4F85-8442-FDCA63F85557}
		{53E06132-8C2E-434C-8D3E-A8644BA47760} = {93D52CF1-FFFB-4D2A-BC6A-F74BCC7CF6E7}
		{A8DF7469-755F-4BDC-9C13-55975620D9BD} = {93D52CF1-FFFB-4D2A-BC6A-F74BCC7CF6E7}
		{AABCF893-E54D-437B-989A-B7F4FC56A20C} = {93D52CF1-FFFB-4D2A-BC6A-F74BCC7CF6E7}
		{82DF7CF6-AF0B-4FB2-9046-A4BC40A77046} = {184D1C55-53E5-469D-8580-43B53E72D283}
		{AB05EC7F-F412-4F78-9A7E-ED7A1D847A57} = {184D1C55-53E5-469D-8580-43B53E72D283}
		{2FE1018A-32B1-4437-83A5-F5101BF159D6} = {184D1C55-53E5-469D-8580-43B53E72D283}
		{9BA26A89-0AD8-485A-8DD1-79AC81816E12} = {DDCD1086-A8F9-4119-A6AF-6D821C37F3D4}
		{FF1A4C69-467D-4C94-BBD6-6B58362058F6} = {DDCD1086-A8F9-4119-A6AF-6D821C37F3D4}
		{186C9801-4378-4C5E-B9CA-B761F173200A} = {DDCD1086-A8F9-4119-A6AF-6D821C37F3D4}
	EndGlobalSection
	GlobalSection(ExtensibilityGlobals) = postSolution
		SolutionGuid = {1C934EAD-BE1F-4282-A8C5-15DAF6F8E62B}
	EndGlobalSection
EndGlobal
